
Microsoft Visual Studio Solution File, Format Version 12.00
# Visual Studio Version 17
VisualStudioVersion = 17.13.35828.75 d17.13
MinimumVisualStudioVersion = 10.0.40219.1
Project("{FAE04EC0-301F-11D3-BF4B-00C04F79EFBC}") = "Figures", "Rectangle\Figures.csproj", "{0F5790EE-F1E9-415A-872D-718668EE69B9}"
EndProject
Global
	GlobalSection(SolutionConfigurationPlatforms) = preSolution
		Debug|Any CPU = Debug|Any CPU
		Release|Any CPU = Release|Any CPU
	EndGlobalSection
	GlobalSection(ProjectConfigurationPlatforms) = postSolution
		{0F5790EE-F1E9-415A-872D-718668EE69B9}.Debug|Any CPU.ActiveCfg = Debug|Any CPU
		{0F5790EE-F1E9-415A-872D-718668EE69B9}.Debug|Any CPU.Build.0 = Debug|Any CPU
		{0F5790EE-F1E9-415A-872D-718668EE69B9}.Release|Any CPU.ActiveCfg = Release|Any CPU
		{0F5790EE-F1E9-415A-872D-718668EE69B9}.Release|Any CPU.Build.0 = Release|Any CPU
	EndGlobalSection
	GlobalSection(SolutionProperties) = preSolution
		HideSolutionNode = FALSE
	EndGlobalSection
	GlobalSection(ExtensibilityGlobals) = postSolution
		SolutionGuid = {0B662608-7D80-43F2-BB3C-7CDBE385C0BA}
	EndGlobalSection
EndGlobal
